
Microsoft Visual Studio Solution File, Format Version 12.00
# Visual Studio Version 17
VisualStudioVersion = 17.14.36203.30
MinimumVisualStudioVersion = 10.0.40219.1
Project("{FAE04EC0-301F-11D3-BF4B-00C04F79EFBC}") = "EJERCICIOS_S5", "EJERCICIOS_S5\EJERCICIOS_S5.csproj", "{D0785B6B-E87B-4C07-A130-E5FEB91D750A}"
EndProject
Project("{888888A0-9F3D-457C-B088-3A5042F75D52}") = "EJER_S05(PY)", "EJER_S05(PY)\EJER_S05(PY).pyproj", "{AB046139-64D5-4764-88F8-AF0E829E3D67}"
EndProject
Global
	GlobalSection(SolutionConfigurationPlatforms) = preSolution
		Debug|Any CPU = Debug|Any CPU
		Release|Any CPU = Release|Any CPU
	EndGlobalSection
	GlobalSection(ProjectConfigurationPlatforms) = postSolution
		{D0785B6B-E87B-4C07-A130-E5FEB91D750A}.Debug|Any CPU.ActiveCfg = Debug|Any CPU
		{D0785B6B-E87B-4C07-A130-E5FEB91D750A}.Debug|Any CPU.Build.0 = Debug|Any CPU
		{D0785B6B-E87B-4C07-A130-E5FEB91D750A}.Release|Any CPU.ActiveCfg = Release|Any CPU
		{D0785B6B-E87B-4C07-A130-E5FEB91D750A}.Release|Any CPU.Build.0 = Release|Any CPU
		{AB046139-64D5-4764-88F8-AF0E829E3D67}.Debug|Any CPU.ActiveCfg = Debug|Any CPU
		{AB046139-64D5-4764-88F8-AF0E829E3D67}.Release|Any CPU.ActiveCfg = Release|Any CPU
	EndGlobalSection
	GlobalSection(SolutionProperties) = preSolution
		HideSolutionNode = FALSE
	EndGlobalSection
	GlobalSection(ExtensibilityGlobals) = postSolution
		SolutionGuid = {8D9D8113-451C-4DF9-A1E0-BCD03DDC9C8B}
	EndGlobalSection
EndGlobal
